// !$*UTF8*$!
{
	archiveVersion = 1;
	classes = {
	};
	objectVersion = 55;
	objects = {

/* Begin PBXBuildFile section */
		D3C6866828574F5B005DE942 /* AppDelegate.swift in Sources */ = {isa = PBXBuildFile; fileRef = D3C6866728574F5B005DE942 /* AppDelegate.swift */; };
		D3C6866A28574F5B005DE942 /* SceneDelegate.swift in Sources */ = {isa = PBXBuildFile; fileRef = D3C6866928574F5B005DE942 /* SceneDelegate.swift */; };
		D3C6867128574F5C005DE942 /* Assets.xcassets in Resources */ = {isa = PBXBuildFile; fileRef = D3C6867028574F5C005DE942 /* Assets.xcassets */; };
		D3C6867428574F5C005DE942 /* LaunchScreen.storyboard in Resources */ = {isa = PBXBuildFile; fileRef = D3C6867228574F5C005DE942 /* LaunchScreen.storyboard */; };
		D3C6867D285764AC005DE942 /* SetViews.swift in Sources */ = {isa = PBXBuildFile; fileRef = D3C6867C285764AC005DE942 /* SetViews.swift */; };
		D3C6868028576D38005DE942 /* SnapKit in Frameworks */ = {isa = PBXBuildFile; productRef = D3C6867F28576D38005DE942 /* SnapKit */; };
		D3C686BA2859BD59005DE942 /* RxBind.swift in Sources */ = {isa = PBXBuildFile; fileRef = D3C686B92859BD59005DE942 /* RxBind.swift */; };
		D3C686BC2859C2EA005DE942 /* BaseViewController.swift in Sources */ = {isa = PBXBuildFile; fileRef = D3C686BB2859C2E9005DE942 /* BaseViewController.swift */; };
		D3C686BF2859C3E1005DE942 /* Kingfisher in Frameworks */ = {isa = PBXBuildFile; productRef = D3C686BE2859C3E1005DE942 /* Kingfisher */; };
		D3C686C22859C44A005DE942 /* RxCocoa in Frameworks */ = {isa = PBXBuildFile; productRef = D3C686C12859C44A005DE942 /* RxCocoa */; };
		D3C686C42859C44A005DE942 /* RxSwift in Frameworks */ = {isa = PBXBuildFile; productRef = D3C686C32859C44A005DE942 /* RxSwift */; };
		D3C686C72859C46F005DE942 /* Alamofire in Frameworks */ = {isa = PBXBuildFile; productRef = D3C686C62859C46F005DE942 /* Alamofire */; };
		D3C686CA2859C489005DE942 /* RxAlamofire in Frameworks */ = {isa = PBXBuildFile; productRef = D3C686C92859C489005DE942 /* RxAlamofire */; };
		D3C686F02859D4D6005DE942 /* HomeView.swift in Sources */ = {isa = PBXBuildFile; fileRef = D3C686ED2859D4D6005DE942 /* HomeView.swift */; };
		D3C686F12859D4D6005DE942 /* RepoTableViewCell.swift in Sources */ = {isa = PBXBuildFile; fileRef = D3C686EE2859D4D6005DE942 /* RepoTableViewCell.swift */; };
		D3C686F22859D4D6005DE942 /* HomeViewController.swift in Sources */ = {isa = PBXBuildFile; fileRef = D3C686EF2859D4D6005DE942 /* HomeViewController.swift */; };
		D3C686F52859E08D005DE942 /* APIKey.swift in Sources */ = {isa = PBXBuildFile; fileRef = D3C686F42859E08D005DE942 /* APIKey.swift */; };
		D3C686F72859E48D005DE942 /* Repositorys.swift in Sources */ = {isa = PBXBuildFile; fileRef = D3C686F62859E48D005DE942 /* Repositorys.swift */; };
/* End PBXBuildFile section */

/* Begin PBXFileReference section */
		D3C6866428574F5B005DE942 /* Kurly-Assignment.app */ = {isa = PBXFileReference; explicitFileType = wrapper.application; includeInIndex = 0; path = "Kurly-Assignment.app"; sourceTree = BUILT_PRODUCTS_DIR; };
		D3C6866728574F5B005DE942 /* AppDelegate.swift */ = {isa = PBXFileReference; lastKnownFileType = sourcecode.swift; path = AppDelegate.swift; sourceTree = "<group>"; };
		D3C6866928574F5B005DE942 /* SceneDelegate.swift */ = {isa = PBXFileReference; lastKnownFileType = sourcecode.swift; path = SceneDelegate.swift; sourceTree = "<group>"; };
		D3C6867028574F5C005DE942 /* Assets.xcassets */ = {isa = PBXFileReference; lastKnownFileType = folder.assetcatalog; path = Assets.xcassets; sourceTree = "<group>"; };
		D3C6867328574F5C005DE942 /* Base */ = {isa = PBXFileReference; lastKnownFileType = file.storyboard; name = Base; path = Base.lproj/LaunchScreen.storyboard; sourceTree = "<group>"; };
		D3C6867528574F5C005DE942 /* Info.plist */ = {isa = PBXFileReference; lastKnownFileType = text.plist.xml; path = Info.plist; sourceTree = "<group>"; };
		D3C6867C285764AC005DE942 /* SetViews.swift */ = {isa = PBXFileReference; lastKnownFileType = sourcecode.swift; path = SetViews.swift; sourceTree = "<group>"; };
		D3C686B92859BD59005DE942 /* RxBind.swift */ = {isa = PBXFileReference; fileEncoding = 4; lastKnownFileType = sourcecode.swift; name = RxBind.swift; path = "../../../../Modify 폴더/Kurly-Assignment/Kurly-Assignment/Protocols/RxBind.swift"; sourceTree = "<group>"; };
		D3C686BB2859C2E9005DE942 /* BaseViewController.swift */ = {isa = PBXFileReference; fileEncoding = 4; lastKnownFileType = sourcecode.swift; path = BaseViewController.swift; sourceTree = "<group>"; };
		D3C686ED2859D4D6005DE942 /* HomeView.swift */ = {isa = PBXFileReference; fileEncoding = 4; lastKnownFileType = sourcecode.swift; path = HomeView.swift; sourceTree = "<group>"; };
		D3C686EE2859D4D6005DE942 /* RepoTableViewCell.swift */ = {isa = PBXFileReference; fileEncoding = 4; lastKnownFileType = sourcecode.swift; path = RepoTableViewCell.swift; sourceTree = "<group>"; };
		D3C686EF2859D4D6005DE942 /* HomeViewController.swift */ = {isa = PBXFileReference; fileEncoding = 4; lastKnownFileType = sourcecode.swift; path = HomeViewController.swift; sourceTree = "<group>"; };
		D3C686F42859E08D005DE942 /* APIKey.swift */ = {isa = PBXFileReference; fileEncoding = 4; lastKnownFileType = sourcecode.swift; path = APIKey.swift; sourceTree = "<group>"; };
		D3C686F62859E48D005DE942 /* Repositorys.swift */ = {isa = PBXFileReference; fileEncoding = 4; lastKnownFileType = sourcecode.swift; path = Repositorys.swift; sourceTree = "<group>"; };
/* End PBXFileReference section */

/* Begin PBXFrameworksBuildPhase section */
		D3C6866128574F5B005DE942 /* Frameworks */ = {
			isa = PBXFrameworksBuildPhase;
			buildActionMask = 2147483647;
			files = (
				D3C686C72859C46F005DE942 /* Alamofire in Frameworks */,
				D3C686C22859C44A005DE942 /* RxCocoa in Frameworks */,
				D3C686BF2859C3E1005DE942 /* Kingfisher in Frameworks */,
				D3C686CA2859C489005DE942 /* RxAlamofire in Frameworks */,
				D3C686C42859C44A005DE942 /* RxSwift in Frameworks */,
				D3C6868028576D38005DE942 /* SnapKit in Frameworks */,
			);
			runOnlyForDeploymentPostprocessing = 0;
		};
/* End PBXFrameworksBuildPhase section */

/* Begin PBXGroup section */
		D3C6865B28574F5B005DE942 = {
			isa = PBXGroup;
			children = (
				D3C6866628574F5B005DE942 /* Kurly-Assignment */,
				D3C6866528574F5B005DE942 /* Products */,
			);
			sourceTree = "<group>";
		};
		D3C6866528574F5B005DE942 /* Products */ = {
			isa = PBXGroup;
			children = (
				D3C6866428574F5B005DE942 /* Kurly-Assignment.app */,
			);
			name = Products;
			sourceTree = "<group>";
		};
		D3C6866628574F5B005DE942 /* Kurly-Assignment */ = {
			isa = PBXGroup;
			children = (
				D3C686F32859E05B005DE942 /* APIManager */,
				D3C686EC2859D4D6005DE942 /* Home */,
				D3C6867B285764A2005DE942 /* Protocols */,
				D3C6866728574F5B005DE942 /* AppDelegate.swift */,
				D3C6866928574F5B005DE942 /* SceneDelegate.swift */,
				D3C686BB2859C2E9005DE942 /* BaseViewController.swift */,
				D3C6867028574F5C005DE942 /* Assets.xcassets */,
				D3C6867228574F5C005DE942 /* LaunchScreen.storyboard */,
				D3C6867528574F5C005DE942 /* Info.plist */,
			);
			path = "Kurly-Assignment";
			sourceTree = "<group>";
		};
		D3C6867B285764A2005DE942 /* Protocols */ = {
			isa = PBXGroup;
			children = (
				D3C6867C285764AC005DE942 /* SetViews.swift */,
				D3C686B92859BD59005DE942 /* RxBind.swift */,
			);
			path = Protocols;
			sourceTree = "<group>";
		};
		D3C686EC2859D4D6005DE942 /* Home */ = {
			isa = PBXGroup;
			children = (
				D3C686EF2859D4D6005DE942 /* HomeViewController.swift */,
				D3C686ED2859D4D6005DE942 /* HomeView.swift */,
				D3C686EE2859D4D6005DE942 /* RepoTableViewCell.swift */,
			);
			path = Home;
			sourceTree = "<group>";
		};
		D3C686F32859E05B005DE942 /* APIManager */ = {
			isa = PBXGroup;
			children = (
				D3C686F42859E08D005DE942 /* APIKey.swift */,
				D3C686F62859E48D005DE942 /* Repositorys.swift */,
			);
			path = APIManager;
			sourceTree = "<group>";
		};
/* End PBXGroup section */

/* Begin PBXNativeTarget section */
		D3C6866328574F5B005DE942 /* Kurly-Assignment */ = {
			isa = PBXNativeTarget;
			buildConfigurationList = D3C6867828574F5C005DE942 /* Build configuration list for PBXNativeTarget "Kurly-Assignment" */;
			buildPhases = (
				D3C6866028574F5B005DE942 /* Sources */,
				D3C6866128574F5B005DE942 /* Frameworks */,
				D3C6866228574F5B005DE942 /* Resources */,
			);
			buildRules = (
			);
			dependencies = (
			);
			name = "Kurly-Assignment";
			packageProductDependencies = (
				D3C6867F28576D38005DE942 /* SnapKit */,
				D3C686BE2859C3E1005DE942 /* Kingfisher */,
				D3C686C12859C44A005DE942 /* RxCocoa */,
				D3C686C32859C44A005DE942 /* RxSwift */,
				D3C686C62859C46F005DE942 /* Alamofire */,
				D3C686C92859C489005DE942 /* RxAlamofire */,
			);
			productName = "Kurly-Assignment";
			productReference = D3C6866428574F5B005DE942 /* Kurly-Assignment.app */;
			productType = "com.apple.product-type.application";
		};
/* End PBXNativeTarget section */

/* Begin PBXProject section */
		D3C6865C28574F5B005DE942 /* Project object */ = {
			isa = PBXProject;
			attributes = {
				BuildIndependentTargetsInParallel = 1;
				LastSwiftUpdateCheck = 1340;
				LastUpgradeCheck = 1340;
				TargetAttributes = {
					D3C6866328574F5B005DE942 = {
						CreatedOnToolsVersion = 13.4;
					};
				};
			};
			buildConfigurationList = D3C6865F28574F5B005DE942 /* Build configuration list for PBXProject "Kurly-Assignment" */;
			compatibilityVersion = "Xcode 13.0";
			developmentRegion = en;
			hasScannedForEncodings = 0;
			knownRegions = (
				en,
				Base,
			);
			mainGroup = D3C6865B28574F5B005DE942;
			packageReferences = (
				D3C6867E28576D38005DE942 /* XCRemoteSwiftPackageReference "SnapKit" */,
				D3C686BD2859C3E1005DE942 /* XCRemoteSwiftPackageReference "Kingfisher" */,
				D3C686C02859C44A005DE942 /* XCRemoteSwiftPackageReference "RxSwift" */,
				D3C686C52859C46F005DE942 /* XCRemoteSwiftPackageReference "Alamofire" */,
				D3C686C82859C489005DE942 /* XCRemoteSwiftPackageReference "RxAlamofire" */,
			);
			productRefGroup = D3C6866528574F5B005DE942 /* Products */;
			projectDirPath = "";
			projectRoot = "";
			targets = (
				D3C6866328574F5B005DE942 /* Kurly-Assignment */,
			);
		};
/* End PBXProject section */

/* Begin PBXResourcesBuildPhase section */
		D3C6866228574F5B005DE942 /* Resources */ = {
			isa = PBXResourcesBuildPhase;
			buildActionMask = 2147483647;
			files = (
				D3C6867428574F5C005DE942 /* LaunchScreen.storyboard in Resources */,
				D3C6867128574F5C005DE942 /* Assets.xcassets in Resources */,
			);
			runOnlyForDeploymentPostprocessing = 0;
		};
/* End PBXResourcesBuildPhase section */

/* Begin PBXSourcesBuildPhase section */
		D3C6866028574F5B005DE942 /* Sources */ = {
			isa = PBXSourcesBuildPhase;
			buildActionMask = 2147483647;
			files = (
				D3C686BA2859BD59005DE942 /* RxBind.swift in Sources */,
				D3C686F72859E48D005DE942 /* Repositorys.swift in Sources */,
				D3C6866828574F5B005DE942 /* AppDelegate.swift in Sources */,
				D3C6866A28574F5B005DE942 /* SceneDelegate.swift in Sources */,
				D3C686F22859D4D6005DE942 /* HomeViewController.swift in Sources */,
				D3C686F12859D4D6005DE942 /* RepoTableViewCell.swift in Sources */,
				D3C686F02859D4D6005DE942 /* HomeView.swift in Sources */,
				D3C6867D285764AC005DE942 /* SetViews.swift in Sources */,
				D3C686F52859E08D005DE942 /* APIKey.swift in Sources */,
				D3C686BC2859C2EA005DE942 /* BaseViewController.swift in Sources */,
			);
			runOnlyForDeploymentPostprocessing = 0;
		};
/* End PBXSourcesBuildPhase section */

/* Begin PBXVariantGroup section */
		D3C6867228574F5C005DE942 /* LaunchScreen.storyboard */ = {
			isa = PBXVariantGroup;
			children = (
				D3C6867328574F5C005DE942 /* Base */,
			);
			name = LaunchScreen.storyboard;
			sourceTree = "<group>";
		};
/* End PBXVariantGroup section */

/* Begin XCBuildConfiguration section */
		D3C6867628574F5C005DE942 /* Debug */ = {
			isa = XCBuildConfiguration;
			buildSettings = {
				ALWAYS_SEARCH_USER_PATHS = NO;
				CLANG_ANALYZER_NONNULL = YES;
				CLANG_ANALYZER_NUMBER_OBJECT_CONVERSION = YES_AGGRESSIVE;
				CLANG_CXX_LANGUAGE_STANDARD = "gnu++17";
				CLANG_ENABLE_MODULES = YES;
				CLANG_ENABLE_OBJC_ARC = YES;
				CLANG_ENABLE_OBJC_WEAK = YES;
				CLANG_WARN_BLOCK_CAPTURE_AUTORELEASING = YES;
				CLANG_WARN_BOOL_CONVERSION = YES;
				CLANG_WARN_COMMA = YES;
				CLANG_WARN_CONSTANT_CONVERSION = YES;
				CLANG_WARN_DEPRECATED_OBJC_IMPLEMENTATIONS = YES;
				CLANG_WARN_DIRECT_OBJC_ISA_USAGE = YES_ERROR;
				CLANG_WARN_DOCUMENTATION_COMMENTS = YES;
				CLANG_WARN_EMPTY_BODY = YES;
				CLANG_WARN_ENUM_CONVERSION = YES;
				CLANG_WARN_INFINITE_RECURSION = YES;
				CLANG_WARN_INT_CONVERSION = YES;
				CLANG_WARN_NON_LITERAL_NULL_CONVERSION = YES;
				CLANG_WARN_OBJC_IMPLICIT_RETAIN_SELF = YES;
				CLANG_WARN_OBJC_LITERAL_CONVERSION = YES;
				CLANG_WARN_OBJC_ROOT_CLASS = YES_ERROR;
				CLANG_WARN_QUOTED_INCLUDE_IN_FRAMEWORK_HEADER = YES;
				CLANG_WARN_RANGE_LOOP_ANALYSIS = YES;
				CLANG_WARN_STRICT_PROTOTYPES = YES;
				CLANG_WARN_SUSPICIOUS_MOVE = YES;
				CLANG_WARN_UNGUARDED_AVAILABILITY = YES_AGGRESSIVE;
				CLANG_WARN_UNREACHABLE_CODE = YES;
				CLANG_WARN__DUPLICATE_METHOD_MATCH = YES;
				COPY_PHASE_STRIP = NO;
				DEBUG_INFORMATION_FORMAT = dwarf;
				ENABLE_STRICT_OBJC_MSGSEND = YES;
				ENABLE_TESTABILITY = YES;
				GCC_C_LANGUAGE_STANDARD = gnu11;
				GCC_DYNAMIC_NO_PIC = NO;
				GCC_NO_COMMON_BLOCKS = YES;
				GCC_OPTIMIZATION_LEVEL = 0;
				GCC_PREPROCESSOR_DEFINITIONS = (
					"DEBUG=1",
					"$(inherited)",
				);
				GCC_WARN_64_TO_32_BIT_CONVERSION = YES;
				GCC_WARN_ABOUT_RETURN_TYPE = YES_ERROR;
				GCC_WARN_UNDECLARED_SELECTOR = YES;
				GCC_WARN_UNINITIALIZED_AUTOS = YES_AGGRESSIVE;
				GCC_WARN_UNUSED_FUNCTION = YES;
				GCC_WARN_UNUSED_VARIABLE = YES;
				IPHONEOS_DEPLOYMENT_TARGET = 12.1;
				MTL_ENABLE_DEBUG_INFO = INCLUDE_SOURCE;
				MTL_FAST_MATH = YES;
				ONLY_ACTIVE_ARCH = YES;
				SDKROOT = iphoneos;
				SWIFT_ACTIVE_COMPILATION_CONDITIONS = DEBUG;
				SWIFT_OPTIMIZATION_LEVEL = "-Onone";
			};
			name = Debug;
		};
		D3C6867728574F5C005DE942 /* Release */ = {
			isa = XCBuildConfiguration;
			buildSettings = {
				ALWAYS_SEARCH_USER_PATHS = NO;
				CLANG_ANALYZER_NONNULL = YES;
				CLANG_ANALYZER_NUMBER_OBJECT_CONVERSION = YES_AGGRESSIVE;
				CLANG_CXX_LANGUAGE_STANDARD = "gnu++17";
				CLANG_ENABLE_MODULES = YES;
				CLANG_ENABLE_OBJC_ARC = YES;
				CLANG_ENABLE_OBJC_WEAK = YES;
				CLANG_WARN_BLOCK_CAPTURE_AUTORELEASING = YES;
				CLANG_WARN_BOOL_CONVERSION = YES;
				CLANG_WARN_COMMA = YES;
				CLANG_WARN_CONSTANT_CONVERSION = YES;
				CLANG_WARN_DEPRECATED_OBJC_IMPLEMENTATIONS = YES;
				CLANG_WARN_DIRECT_OBJC_ISA_USAGE = YES_ERROR;
				CLANG_WARN_DOCUMENTATION_COMMENTS = YES;
				CLANG_WARN_EMPTY_BODY = YES;
				CLANG_WARN_ENUM_CONVERSION = YES;
				CLANG_WARN_INFINITE_RECURSION = YES;
				CLANG_WARN_INT_CONVERSION = YES;
				CLANG_WARN_NON_LITERAL_NULL_CONVERSION = YES;
				CLANG_WARN_OBJC_IMPLICIT_RETAIN_SELF = YES;
				CLANG_WARN_OBJC_LITERAL_CONVERSION = YES;
				CLANG_WARN_OBJC_ROOT_CLASS = YES_ERROR;
				CLANG_WARN_QUOTED_INCLUDE_IN_FRAMEWORK_HEADER = YES;
				CLANG_WARN_RANGE_LOOP_ANALYSIS = YES;
				CLANG_WARN_STRICT_PROTOTYPES = YES;
				CLANG_WARN_SUSPICIOUS_MOVE = YES;
				CLANG_WARN_UNGUARDED_AVAILABILITY = YES_AGGRESSIVE;
				CLANG_WARN_UNREACHABLE_CODE = YES;
				CLANG_WARN__DUPLICATE_METHOD_MATCH = YES;
				COPY_PHASE_STRIP = NO;
				DEBUG_INFORMATION_FORMAT = "dwarf-with-dsym";
				ENABLE_NS_ASSERTIONS = NO;
				ENABLE_STRICT_OBJC_MSGSEND = YES;
				GCC_C_LANGUAGE_STANDARD = gnu11;
				GCC_NO_COMMON_BLOCKS = YES;
				GCC_WARN_64_TO_32_BIT_CONVERSION = YES;
				GCC_WARN_ABOUT_RETURN_TYPE = YES_ERROR;
				GCC_WARN_UNDECLARED_SELECTOR = YES;
				GCC_WARN_UNINITIALIZED_AUTOS = YES_AGGRESSIVE;
				GCC_WARN_UNUSED_FUNCTION = YES;
				GCC_WARN_UNUSED_VARIABLE = YES;
				IPHONEOS_DEPLOYMENT_TARGET = 12.1;
				MTL_ENABLE_DEBUG_INFO = NO;
				MTL_FAST_MATH = YES;
				SDKROOT = iphoneos;
				SWIFT_COMPILATION_MODE = wholemodule;
				SWIFT_OPTIMIZATION_LEVEL = "-O";
				VALIDATE_PRODUCT = YES;
			};
			name = Release;
		};
		D3C6867928574F5C005DE942 /* Debug */ = {
			isa = XCBuildConfiguration;
			buildSettings = {
				ASSETCATALOG_COMPILER_APPICON_NAME = AppIcon;
				ASSETCATALOG_COMPILER_GLOBAL_ACCENT_COLOR_NAME = AccentColor;
				CODE_SIGN_STYLE = Automatic;
				CURRENT_PROJECT_VERSION = 1;
				DEVELOPMENT_TEAM = 9XD488YM8C;
				GENERATE_INFOPLIST_FILE = YES;
				INFOPLIST_FILE = "Kurly-Assignment/Info.plist";
				INFOPLIST_KEY_UIApplicationSupportsIndirectInputEvents = YES;
				INFOPLIST_KEY_UILaunchStoryboardName = LaunchScreen;
				INFOPLIST_KEY_UISupportedInterfaceOrientations_iPad = "UIInterfaceOrientationPortrait UIInterfaceOrientationPortraitUpsideDown UIInterfaceOrientationLandscapeLeft UIInterfaceOrientationLandscapeRight";
				INFOPLIST_KEY_UISupportedInterfaceOrientations_iPhone = "UIInterfaceOrientationPortrait UIInterfaceOrientationLandscapeLeft UIInterfaceOrientationLandscapeRight";
				IPHONEOS_DEPLOYMENT_TARGET = 12.1;
				LD_RUNPATH_SEARCH_PATHS = (
					"$(inherited)",
					"@executable_path/Frameworks",
				);
				MARKETING_VERSION = 1.0;
				PRODUCT_BUNDLE_IDENTIFIER = "com.gunho.Kurly-Assignment";
				PRODUCT_NAME = "$(TARGET_NAME)";
				SWIFT_EMIT_LOC_STRINGS = YES;
				SWIFT_VERSION = 5.0;
				TARGETED_DEVICE_FAMILY = 1;
			};
			name = Debug;
		};
		D3C6867A28574F5C005DE942 /* Release */ = {
			isa = XCBuildConfiguration;
			buildSettings = {
				ASSETCATALOG_COMPILER_APPICON_NAME = AppIcon;
				ASSETCATALOG_COMPILER_GLOBAL_ACCENT_COLOR_NAME = AccentColor;
				CODE_SIGN_STYLE = Automatic;
				CURRENT_PROJECT_VERSION = 1;
				DEVELOPMENT_TEAM = 9XD488YM8C;
				GENERATE_INFOPLIST_FILE = YES;
				INFOPLIST_FILE = "Kurly-Assignment/Info.plist";
				INFOPLIST_KEY_UIApplicationSupportsIndirectInputEvents = YES;
				INFOPLIST_KEY_UILaunchStoryboardName = LaunchScreen;
				INFOPLIST_KEY_UISupportedInterfaceOrientations_iPad = "UIInterfaceOrientationPortrait UIInterfaceOrientationPortraitUpsideDown UIInterfaceOrientationLandscapeLeft UIInterfaceOrientationLandscapeRight";
				INFOPLIST_KEY_UISupportedInterfaceOrientations_iPhone = "UIInterfaceOrientationPortrait UIInterfaceOrientationLandscapeLeft UIInterfaceOrientationLandscapeRight";
				IPHONEOS_DEPLOYMENT_TARGET = 12.1;
				LD_RUNPATH_SEARCH_PATHS = (
					"$(inherited)",
					"@executable_path/Frameworks",
				);
				MARKETING_VERSION = 1.0;
				PRODUCT_BUNDLE_IDENTIFIER = "com.gunho.Kurly-Assignment";
				PRODUCT_NAME = "$(TARGET_NAME)";
				SWIFT_EMIT_LOC_STRINGS = YES;
				SWIFT_VERSION = 5.0;
				TARGETED_DEVICE_FAMILY = 1;
			};
			name = Release;
		};
/* End XCBuildConfiguration section */

/* Begin XCConfigurationList section */
		D3C6865F28574F5B005DE942 /* Build configuration list for PBXProject "Kurly-Assignment" */ = {
			isa = XCConfigurationList;
			buildConfigurations = (
				D3C6867628574F5C005DE942 /* Debug */,
				D3C6867728574F5C005DE942 /* Release */,
			);
			defaultConfigurationIsVisible = 0;
			defaultConfigurationName = Release;
		};
		D3C6867828574F5C005DE942 /* Build configuration list for PBXNativeTarget "Kurly-Assignment" */ = {
			isa = XCConfigurationList;
			buildConfigurations = (
				D3C6867928574F5C005DE942 /* Debug */,
				D3C6867A28574F5C005DE942 /* Release */,
			);
			defaultConfigurationIsVisible = 0;
			defaultConfigurationName = Release;
		};
/* End XCConfigurationList section */

/* Begin XCRemoteSwiftPackageReference section */
		D3C6867E28576D38005DE942 /* XCRemoteSwiftPackageReference "SnapKit" */ = {
			isa = XCRemoteSwiftPackageReference;
			repositoryURL = "https://github.com/SnapKit/SnapKit.git";
			requirement = {
				kind = upToNextMajorVersion;
				minimumVersion = 5.0.1;
			};
		};
		D3C686BD2859C3E1005DE942 /* XCRemoteSwiftPackageReference "Kingfisher" */ = {
			isa = XCRemoteSwiftPackageReference;
			repositoryURL = "https://github.com/onevcat/Kingfisher.git";
			requirement = {
				kind = upToNextMajorVersion;
				minimumVersion = 7.0.0;
			};
		};
		D3C686C02859C44A005DE942 /* XCRemoteSwiftPackageReference "RxSwift" */ = {
			isa = XCRemoteSwiftPackageReference;
			repositoryURL = "https://github.com/ReactiveX/RxSwift.git";
			requirement = {
				kind = upToNextMajorVersion;
				minimumVersion = 6.5.0;
			};
		};
		D3C686C52859C46F005DE942 /* XCRemoteSwiftPackageReference "Alamofire" */ = {
			isa = XCRemoteSwiftPackageReference;
			repositoryURL = "https://github.com/Alamofire/Alamofire";
			requirement = {
				kind = upToNextMajorVersion;
				minimumVersion = 5.6.1;
			};
		};
		D3C686C82859C489005DE942 /* XCRemoteSwiftPackageReference "RxAlamofire" */ = {
			isa = XCRemoteSwiftPackageReference;
			repositoryURL = "https://github.com/RxSwiftCommunity/RxAlamofire.git";
			requirement = {
				kind = upToNextMajorVersion;
				minimumVersion = 6.1.0;
			};
		};
/* End XCRemoteSwiftPackageReference section */

/* Begin XCSwiftPackageProductDependency section */
		D3C6867F28576D38005DE942 /* SnapKit */ = {
			isa = XCSwiftPackageProductDependency;
			package = D3C6867E28576D38005DE942 /* XCRemoteSwiftPackageReference "SnapKit" */;
			productName = SnapKit;
		};
		D3C686BE2859C3E1005DE942 /* Kingfisher */ = {
			isa = XCSwiftPackageProductDependency;
			package = D3C686BD2859C3E1005DE942 /* XCRemoteSwiftPackageReference "Kingfisher" */;
			productName = Kingfisher;
		};
		D3C686C12859C44A005DE942 /* RxCocoa */ = {
			isa = XCSwiftPackageProductDependency;
			package = D3C686C02859C44A005DE942 /* XCRemoteSwiftPackageReference "RxSwift" */;
			productName = RxCocoa;
		};
		D3C686C32859C44A005DE942 /* RxSwift */ = {
			isa = XCSwiftPackageProductDependency;
			package = D3C686C02859C44A005DE942 /* XCRemoteSwiftPackageReference "RxSwift" */;
			productName = RxSwift;
		};
		D3C686C62859C46F005DE942 /* Alamofire */ = {
			isa = XCSwiftPackageProductDependency;
			package = D3C686C52859C46F005DE942 /* XCRemoteSwiftPackageReference "Alamofire" */;
			productName = Alamofire;
		};
		D3C686C92859C489005DE942 /* RxAlamofire */ = {
			isa = XCSwiftPackageProductDependency;
			package = D3C686C82859C489005DE942 /* XCRemoteSwiftPackageReference "RxAlamofire" */;
			productName = RxAlamofire;
		};
/* End XCSwiftPackageProductDependency section */
	};
	rootObject = D3C6865C28574F5B005DE942 /* Project object */;
}
